
Microsoft Visual Studio Solution File, Format Version 12.00
# Visual Studio 2013
VisualStudioVersion = 12.0.31101.0
MinimumVisualStudioVersion = 10.0.40219.1
Project("{FAE04EC0-301F-11D3-BF4B-00C04F79EFBC}") = "Crypto", "Crypto\Crypto.csproj", "{04F63B47-3E54-442A-B269-174F02039544}"
EndProject
Project("{FAE04EC0-301F-11D3-BF4B-00C04F79EFBC}") = "CryptoUnitTests", "CryptoUnitTests\CryptoUnitTests.csproj", "{DED112F8-1A1E-43C9-B588-46ABF32869AB}"
EndProject
Project("{FAE04EC0-301F-11D3-BF4B-00C04F79EFBC}") = "cryptogui", "cryptogui\cryptogui.csproj", "{F19E86D5-2D9B-42CC-AA50-9620F94D64E3}"
EndProject
Project("{FAE04EC0-301F-11D3-BF4B-00C04F79EFBC}") = "CryptoConsole", "CryptoConsole\CryptoConsole.csproj", "{D883DB2C-FE5D-46FC-9072-5EB094AB9C1B}"
EndProject
Global
	GlobalSection(SolutionConfigurationPlatforms) = preSolution
		Debug|Any CPU = Debug|Any CPU
		Release|Any CPU = Release|Any CPU
	EndGlobalSection
	GlobalSection(ProjectConfigurationPlatforms) = postSolution
		{04F63B47-3E54-442A-B269-174F02039544}.Debug|Any CPU.ActiveCfg = Debug|Any CPU
		{04F63B47-3E54-442A-B269-174F02039544}.Debug|Any CPU.Build.0 = Debug|Any CPU
		{04F63B47-3E54-442A-B269-174F02039544}.Release|Any CPU.ActiveCfg = Release|Any CPU
		{04F63B47-3E54-442A-B269-174F02039544}.Release|Any CPU.Build.0 = Release|Any CPU
		{DED112F8-1A1E-43C9-B588-46ABF32869AB}.Debug|Any CPU.ActiveCfg = Debug|Any CPU
		{DED112F8-1A1E-43C9-B588-46ABF32869AB}.Debug|Any CPU.Build.0 = Debug|Any CPU
		{DED112F8-1A1E-43C9-B588-46ABF32869AB}.Release|Any CPU.ActiveCfg = Release|Any CPU
		{DED112F8-1A1E-43C9-B588-46ABF32869AB}.Release|Any CPU.Build.0 = Release|Any CPU
		{F19E86D5-2D9B-42CC-AA50-9620F94D64E3}.Debug|Any CPU.ActiveCfg = Debug|Any CPU
		{F19E86D5-2D9B-42CC-AA50-9620F94D64E3}.Debug|Any CPU.Build.0 = Debug|Any CPU
		{F19E86D5-2D9B-42CC-AA50-9620F94D64E3}.Release|Any CPU.ActiveCfg = Release|Any CPU
		{F19E86D5-2D9B-42CC-AA50-9620F94D64E3}.Release|Any CPU.Build.0 = Release|Any CPU
		{D883DB2C-FE5D-46FC-9072-5EB094AB9C1B}.Debug|Any CPU.ActiveCfg = Debug|Any CPU
		{D883DB2C-FE5D-46FC-9072-5EB094AB9C1B}.Debug|Any CPU.Build.0 = Debug|Any CPU
		{D883DB2C-FE5D-46FC-9072-5EB094AB9C1B}.Release|Any CPU.ActiveCfg = Release|Any CPU
		{D883DB2C-FE5D-46FC-9072-5EB094AB9C1B}.Release|Any CPU.Build.0 = Release|Any CPU
	EndGlobalSection
	GlobalSection(SolutionProperties) = preSolution
		HideSolutionNode = FALSE
	EndGlobalSection
EndGlobal
